
Microsoft Visual Studio Solution File, Format Version 12.00
# Visual Studio Version 17
VisualStudioVersion = 17.5.002.0
MinimumVisualStudioVersion = 10.0.40219.1
Project("{9A19103F-16F7-4668-BE54-9A1E7A4F7556}") = "ConsoleApp1", "ConsoleApp1.csproj", "{B4822D94-8095-4D89-92BD-38C8260A188B}"
EndProject
Global
	GlobalSection(SolutionConfigurationPlatforms) = preSolution
		Debug|Any CPU = Debug|Any CPU
		Release|Any CPU = Release|Any CPU
	EndGlobalSection
	GlobalSection(ProjectConfigurationPlatforms) = postSolution
		{B4822D94-8095-4D89-92BD-38C8260A188B}.Debug|Any CPU.ActiveCfg = Debug|Any CPU
		{B4822D94-8095-4D89-92BD-38C8260A188B}.Debug|Any CPU.Build.0 = Debug|Any CPU
		{B4822D94-8095-4D89-92BD-38C8260A188B}.Release|Any CPU.ActiveCfg = Release|Any CPU
		{B4822D94-8095-4D89-92BD-38C8260A188B}.Release|Any CPU.Build.0 = Release|Any CPU
	EndGlobalSection
	GlobalSection(SolutionProperties) = preSolution
		HideSolutionNode = FALSE
	EndGlobalSection
	GlobalSection(ExtensibilityGlobals) = postSolution
		SolutionGuid = {D2683F22-83F6-40F8-AB6F-FADF0DE45660}
	EndGlobalSection
EndGlobal
